
Microsoft Visual Studio Solution File, Format Version 12.00
# Visual Studio Version 16
VisualStudioVersion = 16.0.28315.86
MinimumVisualStudioVersion = 10.0.40219.1
Project("{2150E333-8FDC-42A3-9474-1A3956D46DE8}") = "Engine", "Engine", "{4CD6EB7D-28D8-4066-9B4B-A5B980FCF5E0}"
EndProject
Project("{2150E333-8FDC-42A3-9474-1A3956D46DE8}") = "Games", "Games", "{CE3EB065-DEE8-43DC-A7BE-A3DAABF07D82}"
EndProject
Project("{8BC9CEB8-8B4A-11D0-8D11-00A0C91BC942}") = "UE4", "Intermediate\ProjectFiles\UE4.vcxproj", "{E3274466-F8B0-439A-BE24-E46643B19B84}"
EndProject
Project("{8BC9CEB8-8B4A-11D0-8D11-00A0C91BC942}") = "NDDS", "Intermediate\ProjectFiles\NDDS.vcxproj", "{DF7C82C1-76A2-3E0D-9866-B724F47D5D03}"
EndProject
Project("{2150E333-8FDC-42A3-9474-1A3956D46DE8}") = "Visualizers", "Visualizers", "{2A1BFBB9-E333-47B5-B55A-4DF8C8371453}"
	ProjectSection(SolutionItems) = preProject
		..\..\..\Program Files\Epic Games\UE_4.22\Engine\Extras\VisualStudioDebugging\UE4.natvis = ..\..\..\Program Files\Epic Games\UE_4.22\Engine\Extras\VisualStudioDebugging\UE4.natvis
	EndProjectSection
EndProject
Global
	GlobalSection(SolutionConfigurationPlatforms) = preSolution
		DebugGame Editor|Win32 = DebugGame Editor|Win32
		DebugGame Editor|Win64 = DebugGame Editor|Win64
		DebugGame|Win32 = DebugGame|Win32
		DebugGame|Win64 = DebugGame|Win64
		Development Editor|Win32 = Development Editor|Win32
		Development Editor|Win64 = Development Editor|Win64
		Development|Win32 = Development|Win32
		Development|Win64 = Development|Win64
		Shipping|Win32 = Shipping|Win32
		Shipping|Win64 = Shipping|Win64
	EndGlobalSection
	GlobalSection(ProjectConfigurationPlatforms) = postSolution
		{E3274466-F8B0-439A-BE24-E46643B19B84}.DebugGame Editor|Win32.ActiveCfg = BuiltWithUnrealBuildTool|Win32
		{E3274466-F8B0-439A-BE24-E46643B19B84}.DebugGame Editor|Win64.ActiveCfg = BuiltWithUnrealBuildTool|Win32
		{E3274466-F8B0-439A-BE24-E46643B19B84}.DebugGame|Win32.ActiveCfg = BuiltWithUnrealBuildTool|Win32
		{E3274466-F8B0-439A-BE24-E46643B19B84}.DebugGame|Win64.ActiveCfg = BuiltWithUnrealBuildTool|Win32
		{E3274466-F8B0-439A-BE24-E46643B19B84}.Development Editor|Win32.ActiveCfg = BuiltWithUnrealBuildTool|Win32
		{E3274466-F8B0-439A-BE24-E46643B19B84}.Development Editor|Win64.ActiveCfg = BuiltWithUnrealBuildTool|Win32
		{E3274466-F8B0-439A-BE24-E46643B19B84}.Development|Win32.ActiveCfg = BuiltWithUnrealBuildTool|Win32
		{E3274466-F8B0-439A-BE24-E46643B19B84}.Development|Win64.ActiveCfg = BuiltWithUnrealBuildTool|Win32
		{E3274466-F8B0-439A-BE24-E46643B19B84}.Shipping|Win32.ActiveCfg = BuiltWithUnrealBuildTool|Win32
		{E3274466-F8B0-439A-BE24-E46643B19B84}.Shipping|Win64.ActiveCfg = BuiltWithUnrealBuildTool|Win32
		{DF7C82C1-76A2-3E0D-9866-B724F47D5D03}.DebugGame Editor|Win32.ActiveCfg = Invalid|Win32
		{DF7C82C1-76A2-3E0D-9866-B724F47D5D03}.DebugGame Editor|Win64.ActiveCfg = DebugGame_Editor|x64
		{DF7C82C1-76A2-3E0D-9866-B724F47D5D03}.DebugGame Editor|Win64.Build.0 = DebugGame_Editor|x64
		{DF7C82C1-76A2-3E0D-9866-B724F47D5D03}.DebugGame|Win32.ActiveCfg = DebugGame|Win32
		{DF7C82C1-76A2-3E0D-9866-B724F47D5D03}.DebugGame|Win32.Build.0 = DebugGame|Win32
		{DF7C82C1-76A2-3E0D-9866-B724F47D5D03}.DebugGame|Win64.ActiveCfg = DebugGame|x64
		{DF7C82C1-76A2-3E0D-9866-B724F47D5D03}.DebugGame|Win64.Build.0 = DebugGame|x64
		{DF7C82C1-76A2-3E0D-9866-B724F47D5D03}.Development Editor|Win32.ActiveCfg = Invalid|Win32
		{DF7C82C1-76A2-3E0D-9866-B724F47D5D03}.Development Editor|Win64.ActiveCfg = Development_Editor|x64
		{DF7C82C1-76A2-3E0D-9866-B724F47D5D03}.Development Editor|Win64.Build.0 = Development_Editor|x64
		{DF7C82C1-76A2-3E0D-9866-B724F47D5D03}.Development|Win32.ActiveCfg = Development|Win32
		{DF7C82C1-76A2-3E0D-9866-B724F47D5D03}.Development|Win32.Build.0 = Development|Win32
		{DF7C82C1-76A2-3E0D-9866-B724F47D5D03}.Development|Win64.ActiveCfg = Development|x64
		{DF7C82C1-76A2-3E0D-9866-B724F47D5D03}.Development|Win64.Build.0 = Development|x64
		{DF7C82C1-76A2-3E0D-9866-B724F47D5D03}.Shipping|Win32.ActiveCfg = Shipping|Win32
		{DF7C82C1-76A2-3E0D-9866-B724F47D5D03}.Shipping|Win32.Build.0 = Shipping|Win32
		{DF7C82C1-76A2-3E0D-9866-B724F47D5D03}.Shipping|Win64.ActiveCfg = Shipping|x64
		{DF7C82C1-76A2-3E0D-9866-B724F47D5D03}.Shipping|Win64.Build.0 = Shipping|x64
	EndGlobalSection
	GlobalSection(SolutionProperties) = preSolution
		HideSolutionNode = FALSE
	EndGlobalSection
	GlobalSection(NestedProjects) = preSolution
		{E3274466-F8B0-439A-BE24-E46643B19B84} = {4CD6EB7D-28D8-4066-9B4B-A5B980FCF5E0}
		{DF7C82C1-76A2-3E0D-9866-B724F47D5D03} = {CE3EB065-DEE8-43DC-A7BE-A3DAABF07D82}
	EndGlobalSection
EndGlobal
